// !$*UTF8*$!
{
	archiveVersion = 1;
	classes = {
	};
	objectVersion = 50;
	objects = {

/* Begin PBXBuildFile section */
		2964BA1122D0A73900C1B282 /* AppDelegate.swift in Sources */ = {isa = PBXBuildFile; fileRef = 2964BA1022D0A73900C1B282 /* AppDelegate.swift */; };
		2964BA1922D0A73900C1B282 /* RXSwift_MVVM.xcdatamodeld in Sources */ = {isa = PBXBuildFile; fileRef = 2964BA1722D0A73900C1B282 /* RXSwift_MVVM.xcdatamodeld */; };
		2964BA1B22D0A73A00C1B282 /* Assets.xcassets in Resources */ = {isa = PBXBuildFile; fileRef = 2964BA1A22D0A73A00C1B282 /* Assets.xcassets */; };
		2964BA1E22D0A73A00C1B282 /* LaunchScreen.storyboard in Resources */ = {isa = PBXBuildFile; fileRef = 2964BA1C22D0A73A00C1B282 /* LaunchScreen.storyboard */; };
		2964BA3722D0AE2100C1B282 /* RxAlamofire.framework in Frameworks */ = {isa = PBXBuildFile; fileRef = 2964BA3122D0AE2100C1B282 /* RxAlamofire.framework */; };
		2964BA3822D0AE2100C1B282 /* Alamofire.framework in Frameworks */ = {isa = PBXBuildFile; fileRef = 2964BA3222D0AE2100C1B282 /* Alamofire.framework */; };
		2964BA3922D0AE2100C1B282 /* SDWebImage.framework in Frameworks */ = {isa = PBXBuildFile; fileRef = 2964BA3322D0AE2100C1B282 /* SDWebImage.framework */; };
		2964BA3A22D0AE2100C1B282 /* RxSwift.framework in Frameworks */ = {isa = PBXBuildFile; fileRef = 2964BA3422D0AE2100C1B282 /* RxSwift.framework */; };
		2964BA3B22D0AE2100C1B282 /* RxCocoa.framework in Frameworks */ = {isa = PBXBuildFile; fileRef = 2964BA3522D0AE2100C1B282 /* RxCocoa.framework */; };
		2964BA3C22D0AE2100C1B282 /* SnapKit.framework in Frameworks */ = {isa = PBXBuildFile; fileRef = 2964BA3622D0AE2100C1B282 /* SnapKit.framework */; };
		2964BA3F22D0B26100C1B282 /* MainController.swift in Sources */ = {isa = PBXBuildFile; fileRef = 2964BA3E22D0B26100C1B282 /* MainController.swift */; };
		2964BA4122D0B28700C1B282 /* MainControllerViewModel.swift in Sources */ = {isa = PBXBuildFile; fileRef = 2964BA4022D0B28700C1B282 /* MainControllerViewModel.swift */; };
		2964BA4322D0B2BE00C1B282 /* Either.swift in Sources */ = {isa = PBXBuildFile; fileRef = 2964BA4222D0B2BE00C1B282 /* Either.swift */; };
		2964BA4522D0B2E400C1B282 /* FetchTarget.swift in Sources */ = {isa = PBXBuildFile; fileRef = 2964BA4422D0B2E400C1B282 /* FetchTarget.swift */; };
		2964BA4722D0B30B00C1B282 /* AlbumCellViewModel.swift in Sources */ = {isa = PBXBuildFile; fileRef = 2964BA4622D0B30B00C1B282 /* AlbumCellViewModel.swift */; };
		2964BA4922D0B33900C1B282 /* PostCellViewModel.swift in Sources */ = {isa = PBXBuildFile; fileRef = 2964BA4822D0B33900C1B282 /* PostCellViewModel.swift */; };
		2964BA4B22D0B35E00C1B282 /* Post.swift in Sources */ = {isa = PBXBuildFile; fileRef = 2964BA4A22D0B35E00C1B282 /* Post.swift */; };
		2964BA4D22D0B37200C1B282 /* Album.swift in Sources */ = {isa = PBXBuildFile; fileRef = 2964BA4C22D0B37200C1B282 /* Album.swift */; };
		2964BA4F22D0B3A000C1B282 /* NavigationDelegate.swift in Sources */ = {isa = PBXBuildFile; fileRef = 2964BA4E22D0B3A000C1B282 /* NavigationDelegate.swift */; };
		2964BA5122D0B3C000C1B282 /* NetworkService.swift in Sources */ = {isa = PBXBuildFile; fileRef = 2964BA5022D0B3C000C1B282 /* NetworkService.swift */; };
		2964BA5322D0B41C00C1B282 /* Cacheable.swift in Sources */ = {isa = PBXBuildFile; fileRef = 2964BA5222D0B41C00C1B282 /* Cacheable.swift */; };
		2964BA6222D0B96400C1B282 /* Coordinator.swift in Sources */ = {isa = PBXBuildFile; fileRef = 2964BA6022D0B96400C1B282 /* Coordinator.swift */; };
		2964BA6322D0B96400C1B282 /* AppCoordinator.swift in Sources */ = {isa = PBXBuildFile; fileRef = 2964BA6122D0B96400C1B282 /* AppCoordinator.swift */; };
		2964BA6622D1070300C1B282 /* APIAction.swift in Sources */ = {isa = PBXBuildFile; fileRef = 2964BA6522D1070300C1B282 /* APIAction.swift */; };
		2964BA6822D1071800C1B282 /* BasicAction.swift in Sources */ = {isa = PBXBuildFile; fileRef = 2964BA6722D1071800C1B282 /* BasicAction.swift */; };
		2964BA6A22D1077100C1B282 /* AdvancedAction.swift in Sources */ = {isa = PBXBuildFile; fileRef = 2964BA6922D1077100C1B282 /* AdvancedAction.swift */; };
		2964BA6E22D107A300C1B282 /* BasicNetworkService.swift in Sources */ = {isa = PBXBuildFile; fileRef = 2964BA6D22D107A300C1B282 /* BasicNetworkService.swift */; };
		2964BA7022D107E200C1B282 /* ArrayResource.swift in Sources */ = {isa = PBXBuildFile; fileRef = 2964BA6F22D107E200C1B282 /* ArrayResource.swift */; };
		2964BA7222D1081000C1B282 /* Utility.swift in Sources */ = {isa = PBXBuildFile; fileRef = 2964BA7122D1080F00C1B282 /* Utility.swift */; };
		2964BA7422D1082000C1B282 /* CustomError.swift in Sources */ = {isa = PBXBuildFile; fileRef = 2964BA7322D1082000C1B282 /* CustomError.swift */; };
		2964BA7622D1084200C1B282 /* SingleItemResource.swift in Sources */ = {isa = PBXBuildFile; fileRef = 2964BA7522D1084200C1B282 /* SingleItemResource.swift */; };
		2964BA7A22D108BA00C1B282 /* Comment.swift in Sources */ = {isa = PBXBuildFile; fileRef = 2964BA7922D108BA00C1B282 /* Comment.swift */; };
		2964BA7C22D108C200C1B282 /* Photo.swift in Sources */ = {isa = PBXBuildFile; fileRef = 2964BA7B22D108C200C1B282 /* Photo.swift */; };
		2964BA7E22D10B2F00C1B282 /* PhotosController.swift in Sources */ = {isa = PBXBuildFile; fileRef = 2964BA7D22D10B2F00C1B282 /* PhotosController.swift */; };
		2964BA8022D10B3900C1B282 /* CommentsController.swift in Sources */ = {isa = PBXBuildFile; fileRef = 2964BA7F22D10B3900C1B282 /* CommentsController.swift */; };
		2964BA8222D10B7700C1B282 /* PhotosControllerViewModel.swift in Sources */ = {isa = PBXBuildFile; fileRef = 2964BA8122D10B7700C1B282 /* PhotosControllerViewModel.swift */; };
		2964BA8422D10B9500C1B282 /* CommentsControllerViewModel.swift in Sources */ = {isa = PBXBuildFile; fileRef = 2964BA8322D10B9500C1B282 /* CommentsControllerViewModel.swift */; };
		2964BA8622D10BAA00C1B282 /* CommentCellViewModel.swift in Sources */ = {isa = PBXBuildFile; fileRef = 2964BA8522D10BAA00C1B282 /* CommentCellViewModel.swift */; };
		2964BA8822D10BB700C1B282 /* PhotoCellViewModel.swift in Sources */ = {isa = PBXBuildFile; fileRef = 2964BA8722D10BB700C1B282 /* PhotoCellViewModel.swift */; };
		2964BA8A22D10C0400C1B282 /* AlbumCell.swift in Sources */ = {isa = PBXBuildFile; fileRef = 2964BA8922D10C0400C1B282 /* AlbumCell.swift */; };
		2964BA8C22D10C1900C1B282 /* PostCell.swift in Sources */ = {isa = PBXBuildFile; fileRef = 2964BA8B22D10C1900C1B282 /* PostCell.swift */; };
		2964BA8E22D10C2200C1B282 /* CommentCell.swift in Sources */ = {isa = PBXBuildFile; fileRef = 2964BA8D22D10C2200C1B282 /* CommentCell.swift */; };
		2964BA9022D10C2900C1B282 /* PhotoCell.swift in Sources */ = {isa = PBXBuildFile; fileRef = 2964BA8F22D10C2900C1B282 /* PhotoCell.swift */; };
/* End PBXBuildFile section */

/* Begin PBXFileReference section */
		2964BA0D22D0A73900C1B282 /* RXSwift_MVVM.app */ = {isa = PBXFileReference; explicitFileType = wrapper.application; includeInIndex = 0; path = RXSwift_MVVM.app; sourceTree = BUILT_PRODUCTS_DIR; };
		2964BA1022D0A73900C1B282 /* AppDelegate.swift */ = {isa = PBXFileReference; lastKnownFileType = sourcecode.swift; path = AppDelegate.swift; sourceTree = "<group>"; };
		2964BA1822D0A73900C1B282 /* RXSwift_MVVM.xcdatamodel */ = {isa = PBXFileReference; lastKnownFileType = wrapper.xcdatamodel; path = RXSwift_MVVM.xcdatamodel; sourceTree = "<group>"; };
		2964BA1A22D0A73A00C1B282 /* Assets.xcassets */ = {isa = PBXFileReference; lastKnownFileType = folder.assetcatalog; path = Assets.xcassets; sourceTree = "<group>"; };
		2964BA1D22D0A73A00C1B282 /* Base */ = {isa = PBXFileReference; lastKnownFileType = file.storyboard; name = Base; path = Base.lproj/LaunchScreen.storyboard; sourceTree = "<group>"; };
		2964BA1F22D0A73A00C1B282 /* Info.plist */ = {isa = PBXFileReference; lastKnownFileType = text.plist.xml; path = Info.plist; sourceTree = "<group>"; };
		2964BA3122D0AE2100C1B282 /* RxAlamofire.framework */ = {isa = PBXFileReference; lastKnownFileType = wrapper.framework; name = RxAlamofire.framework; path = Carthage/Build/iOS/RxAlamofire.framework; sourceTree = "<group>"; };
		2964BA3222D0AE2100C1B282 /* Alamofire.framework */ = {isa = PBXFileReference; lastKnownFileType = wrapper.framework; name = Alamofire.framework; path = Carthage/Build/iOS/Alamofire.framework; sourceTree = "<group>"; };
		2964BA3322D0AE2100C1B282 /* SDWebImage.framework */ = {isa = PBXFileReference; lastKnownFileType = wrapper.framework; name = SDWebImage.framework; path = Carthage/Build/iOS/SDWebImage.framework; sourceTree = "<group>"; };
		2964BA3422D0AE2100C1B282 /* RxSwift.framework */ = {isa = PBXFileReference; lastKnownFileType = wrapper.framework; name = RxSwift.framework; path = Carthage/Build/iOS/RxSwift.framework; sourceTree = "<group>"; };
		2964BA3522D0AE2100C1B282 /* RxCocoa.framework */ = {isa = PBXFileReference; lastKnownFileType = wrapper.framework; name = RxCocoa.framework; path = Carthage/Build/iOS/RxCocoa.framework; sourceTree = "<group>"; };
		2964BA3622D0AE2100C1B282 /* SnapKit.framework */ = {isa = PBXFileReference; lastKnownFileType = wrapper.framework; name = SnapKit.framework; path = Carthage/Build/iOS/SnapKit.framework; sourceTree = "<group>"; };
		2964BA3E22D0B26100C1B282 /* MainController.swift */ = {isa = PBXFileReference; lastKnownFileType = sourcecode.swift; path = MainController.swift; sourceTree = "<group>"; };
		2964BA4022D0B28700C1B282 /* MainControllerViewModel.swift */ = {isa = PBXFileReference; lastKnownFileType = sourcecode.swift; path = MainControllerViewModel.swift; sourceTree = "<group>"; };
		2964BA4222D0B2BE00C1B282 /* Either.swift */ = {isa = PBXFileReference; lastKnownFileType = sourcecode.swift; path = Either.swift; sourceTree = "<group>"; };
		2964BA4422D0B2E400C1B282 /* FetchTarget.swift */ = {isa = PBXFileReference; lastKnownFileType = sourcecode.swift; path = FetchTarget.swift; sourceTree = "<group>"; };
		2964BA4622D0B30B00C1B282 /* AlbumCellViewModel.swift */ = {isa = PBXFileReference; lastKnownFileType = sourcecode.swift; path = AlbumCellViewModel.swift; sourceTree = "<group>"; };
		2964BA4822D0B33900C1B282 /* PostCellViewModel.swift */ = {isa = PBXFileReference; lastKnownFileType = sourcecode.swift; path = PostCellViewModel.swift; sourceTree = "<group>"; };
		2964BA4A22D0B35E00C1B282 /* Post.swift */ = {isa = PBXFileReference; lastKnownFileType = sourcecode.swift; path = Post.swift; sourceTree = "<group>"; };
		2964BA4C22D0B37200C1B282 /* Album.swift */ = {isa = PBXFileReference; lastKnownFileType = sourcecode.swift; path = Album.swift; sourceTree = "<group>"; };
		2964BA4E22D0B3A000C1B282 /* NavigationDelegate.swift */ = {isa = PBXFileReference; lastKnownFileType = sourcecode.swift; path = NavigationDelegate.swift; sourceTree = "<group>"; };
		2964BA5022D0B3C000C1B282 /* NetworkService.swift */ = {isa = PBXFileReference; lastKnownFileType = sourcecode.swift; path = NetworkService.swift; sourceTree = "<group>"; };
		2964BA5222D0B41C00C1B282 /* Cacheable.swift */ = {isa = PBXFileReference; lastKnownFileType = sourcecode.swift; path = Cacheable.swift; sourceTree = "<group>"; };
		2964BA6022D0B96400C1B282 /* Coordinator.swift */ = {isa = PBXFileReference; fileEncoding = 4; lastKnownFileType = sourcecode.swift; path = Coordinator.swift; sourceTree = "<group>"; };
		2964BA6122D0B96400C1B282 /* AppCoordinator.swift */ = {isa = PBXFileReference; fileEncoding = 4; lastKnownFileType = sourcecode.swift; path = AppCoordinator.swift; sourceTree = "<group>"; };
		2964BA6522D1070300C1B282 /* APIAction.swift */ = {isa = PBXFileReference; lastKnownFileType = sourcecode.swift; path = APIAction.swift; sourceTree = "<group>"; };
		2964BA6722D1071800C1B282 /* BasicAction.swift */ = {isa = PBXFileReference; lastKnownFileType = sourcecode.swift; path = BasicAction.swift; sourceTree = "<group>"; };
		2964BA6922D1077100C1B282 /* AdvancedAction.swift */ = {isa = PBXFileReference; lastKnownFileType = sourcecode.swift; path = AdvancedAction.swift; sourceTree = "<group>"; };
		2964BA6D22D107A300C1B282 /* BasicNetworkService.swift */ = {isa = PBXFileReference; lastKnownFileType = sourcecode.swift; path = BasicNetworkService.swift; sourceTree = "<group>"; };
		2964BA6F22D107E200C1B282 /* ArrayResource.swift */ = {isa = PBXFileReference; lastKnownFileType = sourcecode.swift; path = ArrayResource.swift; sourceTree = "<group>"; };
		2964BA7122D1080F00C1B282 /* Utility.swift */ = {isa = PBXFileReference; lastKnownFileType = sourcecode.swift; path = Utility.swift; sourceTree = "<group>"; };
		2964BA7322D1082000C1B282 /* CustomError.swift */ = {isa = PBXFileReference; lastKnownFileType = sourcecode.swift; path = CustomError.swift; sourceTree = "<group>"; };
		2964BA7522D1084200C1B282 /* SingleItemResource.swift */ = {isa = PBXFileReference; lastKnownFileType = sourcecode.swift; path = SingleItemResource.swift; sourceTree = "<group>"; };
		2964BA7922D108BA00C1B282 /* Comment.swift */ = {isa = PBXFileReference; lastKnownFileType = sourcecode.swift; path = Comment.swift; sourceTree = "<group>"; };
		2964BA7B22D108C200C1B282 /* Photo.swift */ = {isa = PBXFileReference; lastKnownFileType = sourcecode.swift; path = Photo.swift; sourceTree = "<group>"; };
		2964BA7D22D10B2F00C1B282 /* PhotosController.swift */ = {isa = PBXFileReference; lastKnownFileType = sourcecode.swift; path = PhotosController.swift; sourceTree = "<group>"; };
		2964BA7F22D10B3900C1B282 /* CommentsController.swift */ = {isa = PBXFileReference; lastKnownFileType = sourcecode.swift; path = CommentsController.swift; sourceTree = "<group>"; };
		2964BA8122D10B7700C1B282 /* PhotosControllerViewModel.swift */ = {isa = PBXFileReference; lastKnownFileType = sourcecode.swift; path = PhotosControllerViewModel.swift; sourceTree = "<group>"; };
		2964BA8322D10B9500C1B282 /* CommentsControllerViewModel.swift */ = {isa = PBXFileReference; lastKnownFileType = sourcecode.swift; path = CommentsControllerViewModel.swift; sourceTree = "<group>"; };
		2964BA8522D10BAA00C1B282 /* CommentCellViewModel.swift */ = {isa = PBXFileReference; lastKnownFileType = sourcecode.swift; path = CommentCellViewModel.swift; sourceTree = "<group>"; };
		2964BA8722D10BB700C1B282 /* PhotoCellViewModel.swift */ = {isa = PBXFileReference; lastKnownFileType = sourcecode.swift; path = PhotoCellViewModel.swift; sourceTree = "<group>"; };
		2964BA8922D10C0400C1B282 /* AlbumCell.swift */ = {isa = PBXFileReference; lastKnownFileType = sourcecode.swift; path = AlbumCell.swift; sourceTree = "<group>"; };
		2964BA8B22D10C1900C1B282 /* PostCell.swift */ = {isa = PBXFileReference; lastKnownFileType = sourcecode.swift; path = PostCell.swift; sourceTree = "<group>"; };
		2964BA8D22D10C2200C1B282 /* CommentCell.swift */ = {isa = PBXFileReference; lastKnownFileType = sourcecode.swift; path = CommentCell.swift; sourceTree = "<group>"; };
		2964BA8F22D10C2900C1B282 /* PhotoCell.swift */ = {isa = PBXFileReference; lastKnownFileType = sourcecode.swift; path = PhotoCell.swift; sourceTree = "<group>"; };
/* End PBXFileReference section */

/* Begin PBXFrameworksBuildPhase section */
		2964BA0A22D0A73900C1B282 /* Frameworks */ = {
			isa = PBXFrameworksBuildPhase;
			buildActionMask = 2147483647;
			files = (
				2964BA3722D0AE2100C1B282 /* RxAlamofire.framework in Frameworks */,
				2964BA3822D0AE2100C1B282 /* Alamofire.framework in Frameworks */,
				2964BA3922D0AE2100C1B282 /* SDWebImage.framework in Frameworks */,
				2964BA3A22D0AE2100C1B282 /* RxSwift.framework in Frameworks */,
				2964BA3B22D0AE2100C1B282 /* RxCocoa.framework in Frameworks */,
				2964BA3C22D0AE2100C1B282 /* SnapKit.framework in Frameworks */,
			);
			runOnlyForDeploymentPostprocessing = 0;
		};
/* End PBXFrameworksBuildPhase section */

/* Begin PBXGroup section */
		2964BA0422D0A73900C1B282 = {
			isa = PBXGroup;
			children = (
				2964BA0F22D0A73900C1B282 /* RXSwift_MVVM */,
				2964BA0E22D0A73900C1B282 /* Products */,
				2964BA2622D0A9BF00C1B282 /* Frameworks */,
			);
			sourceTree = "<group>";
		};
		2964BA0E22D0A73900C1B282 /* Products */ = {
			isa = PBXGroup;
			children = (
				2964BA0D22D0A73900C1B282 /* RXSwift_MVVM.app */,
			);
			name = Products;
			sourceTree = "<group>";
		};
		2964BA0F22D0A73900C1B282 /* RXSwift_MVVM */ = {
			isa = PBXGroup;
			children = (
				2964BA1722D0A73900C1B282 /* RXSwift_MVVM.xcdatamodeld */,
				2964BA5A22D0B4FF00C1B282 /* Main Supporting Model */,
				2964BA5422D0B43300C1B282 /* Protocols */,
				2964BA6422D0B97300C1B282 /* Coordinator */,
				2964BA9222D10CC800C1B282 /* UI */,
				2964BA5722D0B46600C1B282 /* ViewModel */,
				2964BA6B22D1078600C1B282 /* Network */,
				2964BA5922D0B4A800C1B282 /* Models */,
				2964BA5822D0B49200C1B282 /* Controllers */,
				2964BA3D22D0B21400C1B282 /* Supporting Files */,
			);
			path = RXSwift_MVVM;
			sourceTree = "<group>";
		};
		2964BA2622D0A9BF00C1B282 /* Frameworks */ = {
			isa = PBXGroup;
			children = (
				2964BA3222D0AE2100C1B282 /* Alamofire.framework */,
				2964BA3122D0AE2100C1B282 /* RxAlamofire.framework */,
				2964BA3522D0AE2100C1B282 /* RxCocoa.framework */,
				2964BA3422D0AE2100C1B282 /* RxSwift.framework */,
				2964BA3322D0AE2100C1B282 /* SDWebImage.framework */,
				2964BA3622D0AE2100C1B282 /* SnapKit.framework */,
			);
			name = Frameworks;
			sourceTree = "<group>";
		};
		2964BA3D22D0B21400C1B282 /* Supporting Files */ = {
			isa = PBXGroup;
			children = (
				2964BA1A22D0A73A00C1B282 /* Assets.xcassets */,
				2964BA1C22D0A73A00C1B282 /* LaunchScreen.storyboard */,
				2964BA1F22D0A73A00C1B282 /* Info.plist */,
			);
			path = "Supporting Files";
			sourceTree = "<group>";
		};
		2964BA5422D0B43300C1B282 /* Protocols */ = {
			isa = PBXGroup;
			children = (
				2964BA4E22D0B3A000C1B282 /* NavigationDelegate.swift */,
				2964BA5222D0B41C00C1B282 /* Cacheable.swift */,
				2964BA5022D0B3C000C1B282 /* NetworkService.swift */,
			);
			path = Protocols;
			sourceTree = "<group>";
		};
		2964BA5522D0B44500C1B282 /* Controllers */ = {
			isa = PBXGroup;
			children = (
				2964BA4022D0B28700C1B282 /* MainControllerViewModel.swift */,
				2964BA8122D10B7700C1B282 /* PhotosControllerViewModel.swift */,
				2964BA8322D10B9500C1B282 /* CommentsControllerViewModel.swift */,
			);
			path = Controllers;
			sourceTree = "<group>";
		};
		2964BA5622D0B45800C1B282 /* Cells */ = {
			isa = PBXGroup;
			children = (
				2964BA4622D0B30B00C1B282 /* AlbumCellViewModel.swift */,
				2964BA4822D0B33900C1B282 /* PostCellViewModel.swift */,
				2964BA8522D10BAA00C1B282 /* CommentCellViewModel.swift */,
				2964BA8722D10BB700C1B282 /* PhotoCellViewModel.swift */,
			);
			path = Cells;
			sourceTree = "<group>";
		};
		2964BA5722D0B46600C1B282 /* ViewModel */ = {
			isa = PBXGroup;
			children = (
				2964BA5522D0B44500C1B282 /* Controllers */,
				2964BA5622D0B45800C1B282 /* Cells */,
			);
			path = ViewModel;
			sourceTree = "<group>";
		};
		2964BA5822D0B49200C1B282 /* Controllers */ = {
			isa = PBXGroup;
			children = (
				2964BA3E22D0B26100C1B282 /* MainController.swift */,
				2964BA7D22D10B2F00C1B282 /* PhotosController.swift */,
				2964BA7F22D10B3900C1B282 /* CommentsController.swift */,
			);
			path = Controllers;
			sourceTree = "<group>";
		};
		2964BA5922D0B4A800C1B282 /* Models */ = {
			isa = PBXGroup;
			children = (
				2964BA4C22D0B37200C1B282 /* Album.swift */,
				2964BA4A22D0B35E00C1B282 /* Post.swift */,
				2964BA7922D108BA00C1B282 /* Comment.swift */,
				2964BA7B22D108C200C1B282 /* Photo.swift */,
				2964BA4422D0B2E400C1B282 /* FetchTarget.swift */,
			);
			path = Models;
			sourceTree = "<group>";
		};
		2964BA5A22D0B4FF00C1B282 /* Main Supporting Model */ = {
			isa = PBXGroup;
			children = (
				2964BA1022D0A73900C1B282 /* AppDelegate.swift */,
				2964BA4222D0B2BE00C1B282 /* Either.swift */,
				2964BA7122D1080F00C1B282 /* Utility.swift */,
				2964BA7322D1082000C1B282 /* CustomError.swift */,
			);
			path = "Main Supporting Model";
			sourceTree = "<group>";
		};
		2964BA6422D0B97300C1B282 /* Coordinator */ = {
			isa = PBXGroup;
			children = (
				2964BA6122D0B96400C1B282 /* AppCoordinator.swift */,
				2964BA6022D0B96400C1B282 /* Coordinator.swift */,
			);
			path = Coordinator;
			sourceTree = "<group>";
		};
		2964BA6B22D1078600C1B282 /* Network */ = {
			isa = PBXGroup;
			children = (
				2964BA6C22D1079300C1B282 /* Actions */,
				2964BA7822D1087000C1B282 /* Services */,
				2964BA7722D1085E00C1B282 /* Response Resource */,
			);
			path = Network;
			sourceTree = "<group>";
		};
		2964BA6C22D1079300C1B282 /* Actions */ = {
			isa = PBXGroup;
			children = (
				2964BA6522D1070300C1B282 /* APIAction.swift */,
				2964BA6722D1071800C1B282 /* BasicAction.swift */,
				2964BA6922D1077100C1B282 /* AdvancedAction.swift */,
			);
			path = Actions;
			sourceTree = "<group>";
		};
		2964BA7722D1085E00C1B282 /* Response Resource */ = {
			isa = PBXGroup;
			children = (
				2964BA7522D1084200C1B282 /* SingleItemResource.swift */,
				2964BA6F22D107E200C1B282 /* ArrayResource.swift */,
			);
			path = "Response Resource";
			sourceTree = "<group>";
		};
		2964BA7822D1087000C1B282 /* Services */ = {
			isa = PBXGroup;
			children = (
				2964BA6D22D107A300C1B282 /* BasicNetworkService.swift */,
			);
			path = Services;
			sourceTree = "<group>";
		};
		2964BA9122D10CBE00C1B282 /* Cells */ = {
			isa = PBXGroup;
			children = (
				2964BA8922D10C0400C1B282 /* AlbumCell.swift */,
				2964BA8B22D10C1900C1B282 /* PostCell.swift */,
				2964BA8D22D10C2200C1B282 /* CommentCell.swift */,
				2964BA8F22D10C2900C1B282 /* PhotoCell.swift */,
			);
			path = Cells;
			sourceTree = "<group>";
		};
		2964BA9222D10CC800C1B282 /* UI */ = {
			isa = PBXGroup;
			children = (
				2964BA9122D10CBE00C1B282 /* Cells */,
			);
			path = UI;
			sourceTree = "<group>";
		};
/* End PBXGroup section */

/* Begin PBXNativeTarget section */
		2964BA0C22D0A73900C1B282 /* RXSwift_MVVM */ = {
			isa = PBXNativeTarget;
			buildConfigurationList = 2964BA2222D0A73A00C1B282 /* Build configuration list for PBXNativeTarget "RXSwift_MVVM" */;
			buildPhases = (
				2964BA0922D0A73900C1B282 /* Sources */,
				2964BA0A22D0A73900C1B282 /* Frameworks */,
				2964BA0B22D0A73900C1B282 /* Resources */,
				2964BA2522D0A94E00C1B282 /* ShellScript */,
			);
			buildRules = (
			);
			dependencies = (
			);
			name = RXSwift_MVVM;
			productName = RXSwift_MVVM;
			productReference = 2964BA0D22D0A73900C1B282 /* RXSwift_MVVM.app */;
			productType = "com.apple.product-type.application";
		};
/* End PBXNativeTarget section */

/* Begin PBXProject section */
		2964BA0522D0A73900C1B282 /* Project object */ = {
			isa = PBXProject;
			attributes = {
				LastSwiftUpdateCheck = 1020;
				LastUpgradeCheck = 1020;
				ORGANIZATIONNAME = AmirDaliri;
				TargetAttributes = {
					2964BA0C22D0A73900C1B282 = {
						CreatedOnToolsVersion = 10.2.1;
					};
				};
			};
			buildConfigurationList = 2964BA0822D0A73900C1B282 /* Build configuration list for PBXProject "RXSwift_MVVM" */;
			compatibilityVersion = "Xcode 9.3";
			developmentRegion = en;
			hasScannedForEncodings = 0;
			knownRegions = (
				en,
				Base,
			);
			mainGroup = 2964BA0422D0A73900C1B282;
			productRefGroup = 2964BA0E22D0A73900C1B282 /* Products */;
			projectDirPath = "";
			projectRoot = "";
			targets = (
				2964BA0C22D0A73900C1B282 /* RXSwift_MVVM */,
			);
		};
/* End PBXProject section */

/* Begin PBXResourcesBuildPhase section */
		2964BA0B22D0A73900C1B282 /* Resources */ = {
			isa = PBXResourcesBuildPhase;
			buildActionMask = 2147483647;
			files = (
				2964BA1E22D0A73A00C1B282 /* LaunchScreen.storyboard in Resources */,
				2964BA1B22D0A73A00C1B282 /* Assets.xcassets in Resources */,
			);
			runOnlyForDeploymentPostprocessing = 0;
		};
/* End PBXResourcesBuildPhase section */

/* Begin PBXShellScriptBuildPhase section */
		2964BA2522D0A94E00C1B282 /* ShellScript */ = {
			isa = PBXShellScriptBuildPhase;
			buildActionMask = 2147483647;
			files = (
			);
			inputFileListPaths = (
			);
			inputPaths = (
				"$(SRCROOT)/Carthage/Build/iOS/Alamofire.framework",
				"$(SRCROOT)/Carthage/Build/iOS/RxSwift.framework",
				"$(SRCROOT)/Carthage/Build/iOS/RxAlamofire.framework",
				"$(SRCROOT)/Carthage/Build/iOS/SnapKit.framework",
				"$(SRCROOT)/Carthage/Build/iOS/SDWebImage.framework",
				"$(SRCROOT)/Carthage/Build/iOS/RxCocoa.framework",
			);
			outputFileListPaths = (
			);
			outputPaths = (
			);
			runOnlyForDeploymentPostprocessing = 0;
			shellPath = /bin/sh;
			shellScript = "/usr/local/bin/carthage copy-frameworks\n";
		};
/* End PBXShellScriptBuildPhase section */

/* Begin PBXSourcesBuildPhase section */
		2964BA0922D0A73900C1B282 /* Sources */ = {
			isa = PBXSourcesBuildPhase;
			buildActionMask = 2147483647;
			files = (
				2964BA4722D0B30B00C1B282 /* AlbumCellViewModel.swift in Sources */,
				2964BA6822D1071800C1B282 /* BasicAction.swift in Sources */,
				2964BA1922D0A73900C1B282 /* RXSwift_MVVM.xcdatamodeld in Sources */,
				2964BA6A22D1077100C1B282 /* AdvancedAction.swift in Sources */,
				2964BA6622D1070300C1B282 /* APIAction.swift in Sources */,
				2964BA4122D0B28700C1B282 /* MainControllerViewModel.swift in Sources */,
				2964BA3F22D0B26100C1B282 /* MainController.swift in Sources */,
				2964BA7422D1082000C1B282 /* CustomError.swift in Sources */,
				2964BA8C22D10C1900C1B282 /* PostCell.swift in Sources */,
				2964BA8E22D10C2200C1B282 /* CommentCell.swift in Sources */,
				2964BA4F22D0B3A000C1B282 /* NavigationDelegate.swift in Sources */,
				2964BA7C22D108C200C1B282 /* Photo.swift in Sources */,
				2964BA8822D10BB700C1B282 /* PhotoCellViewModel.swift in Sources */,
				2964BA8622D10BAA00C1B282 /* CommentCellViewModel.swift in Sources */,
				2964BA7E22D10B2F00C1B282 /* PhotosController.swift in Sources */,
				2964BA8422D10B9500C1B282 /* CommentsControllerViewModel.swift in Sources */,
				2964BA8022D10B3900C1B282 /* CommentsController.swift in Sources */,
				2964BA7622D1084200C1B282 /* SingleItemResource.swift in Sources */,
				2964BA5322D0B41C00C1B282 /* Cacheable.swift in Sources */,
				2964BA6222D0B96400C1B282 /* Coordinator.swift in Sources */,
				2964BA4922D0B33900C1B282 /* PostCellViewModel.swift in Sources */,
				2964BA9022D10C2900C1B282 /* PhotoCell.swift in Sources */,
				2964BA1122D0A73900C1B282 /* AppDelegate.swift in Sources */,
				2964BA6E22D107A300C1B282 /* BasicNetworkService.swift in Sources */,
				2964BA7022D107E200C1B282 /* ArrayResource.swift in Sources */,
				2964BA8222D10B7700C1B282 /* PhotosControllerViewModel.swift in Sources */,
				2964BA7222D1081000C1B282 /* Utility.swift in Sources */,
				2964BA4B22D0B35E00C1B282 /* Post.swift in Sources */,
				2964BA4322D0B2BE00C1B282 /* Either.swift in Sources */,
				2964BA7A22D108BA00C1B282 /* Comment.swift in Sources */,
				2964BA8A22D10C0400C1B282 /* AlbumCell.swift in Sources */,
				2964BA4522D0B2E400C1B282 /* FetchTarget.swift in Sources */,
				2964BA6322D0B96400C1B282 /* AppCoordinator.swift in Sources */,
				2964BA5122D0B3C000C1B282 /* NetworkService.swift in Sources */,
				2964BA4D22D0B37200C1B282 /* Album.swift in Sources */,
			);
			runOnlyForDeploymentPostprocessing = 0;
		};
/* End PBXSourcesBuildPhase section */

/* Begin PBXVariantGroup section */
		2964BA1C22D0A73A00C1B282 /* LaunchScreen.storyboard */ = {
			isa = PBXVariantGroup;
			children = (
				2964BA1D22D0A73A00C1B282 /* Base */,
			);
			name = LaunchScreen.storyboard;
			sourceTree = "<group>";
		};
/* End PBXVariantGroup section */

/* Begin XCBuildConfiguration section */
		2964BA2022D0A73A00C1B282 /* Debug */ = {
			isa = XCBuildConfiguration;
			buildSettings = {
				ALWAYS_SEARCH_USER_PATHS = NO;
				CLANG_ANALYZER_NONNULL = YES;
				CLANG_ANALYZER_NUMBER_OBJECT_CONVERSION = YES_AGGRESSIVE;
				CLANG_CXX_LANGUAGE_STANDARD = "gnu++14";
				CLANG_CXX_LIBRARY = "libc++";
				CLANG_ENABLE_MODULES = YES;
				CLANG_ENABLE_OBJC_ARC = YES;
				CLANG_ENABLE_OBJC_WEAK = YES;
				CLANG_WARN_BLOCK_CAPTURE_AUTORELEASING = YES;
				CLANG_WARN_BOOL_CONVERSION = YES;
				CLANG_WARN_COMMA = YES;
				CLANG_WARN_CONSTANT_CONVERSION = YES;
				CLANG_WARN_DEPRECATED_OBJC_IMPLEMENTATIONS = YES;
				CLANG_WARN_DIRECT_OBJC_ISA_USAGE = YES_ERROR;
				CLANG_WARN_DOCUMENTATION_COMMENTS = YES;
				CLANG_WARN_EMPTY_BODY = YES;
				CLANG_WARN_ENUM_CONVERSION = YES;
				CLANG_WARN_INFINITE_RECURSION = YES;
				CLANG_WARN_INT_CONVERSION = YES;
				CLANG_WARN_NON_LITERAL_NULL_CONVERSION = YES;
				CLANG_WARN_OBJC_IMPLICIT_RETAIN_SELF = YES;
				CLANG_WARN_OBJC_LITERAL_CONVERSION = YES;
				CLANG_WARN_OBJC_ROOT_CLASS = YES_ERROR;
				CLANG_WARN_RANGE_LOOP_ANALYSIS = YES;
				CLANG_WARN_STRICT_PROTOTYPES = YES;
				CLANG_WARN_SUSPICIOUS_MOVE = YES;
				CLANG_WARN_UNGUARDED_AVAILABILITY = YES_AGGRESSIVE;
				CLANG_WARN_UNREACHABLE_CODE = YES;
				CLANG_WARN__DUPLICATE_METHOD_MATCH = YES;
				CODE_SIGN_IDENTITY = "iPhone Developer";
				COPY_PHASE_STRIP = NO;
				DEBUG_INFORMATION_FORMAT = dwarf;
				ENABLE_STRICT_OBJC_MSGSEND = YES;
				ENABLE_TESTABILITY = YES;
				GCC_C_LANGUAGE_STANDARD = gnu11;
				GCC_DYNAMIC_NO_PIC = NO;
				GCC_NO_COMMON_BLOCKS = YES;
				GCC_OPTIMIZATION_LEVEL = 0;
				GCC_PREPROCESSOR_DEFINITIONS = (
					"DEBUG=1",
					"$(inherited)",
				);
				GCC_WARN_64_TO_32_BIT_CONVERSION = YES;
				GCC_WARN_ABOUT_RETURN_TYPE = YES_ERROR;
				GCC_WARN_UNDECLARED_SELECTOR = YES;
				GCC_WARN_UNINITIALIZED_AUTOS = YES_AGGRESSIVE;
				GCC_WARN_UNUSED_FUNCTION = YES;
				GCC_WARN_UNUSED_VARIABLE = YES;
				IPHONEOS_DEPLOYMENT_TARGET = 12.2;
				MTL_ENABLE_DEBUG_INFO = INCLUDE_SOURCE;
				MTL_FAST_MATH = YES;
				ONLY_ACTIVE_ARCH = YES;
				SDKROOT = iphoneos;
				SWIFT_ACTIVE_COMPILATION_CONDITIONS = DEBUG;
				SWIFT_OPTIMIZATION_LEVEL = "-Onone";
			};
			name = Debug;
		};
		2964BA2122D0A73A00C1B282 /* Release */ = {
			isa = XCBuildConfiguration;
			buildSettings = {
				ALWAYS_SEARCH_USER_PATHS = NO;
				CLANG_ANALYZER_NONNULL = YES;
				CLANG_ANALYZER_NUMBER_OBJECT_CONVERSION = YES_AGGRESSIVE;
				CLANG_CXX_LANGUAGE_STANDARD = "gnu++14";
				CLANG_CXX_LIBRARY = "libc++";
				CLANG_ENABLE_MODULES = YES;
				CLANG_ENABLE_OBJC_ARC = YES;
				CLANG_ENABLE_OBJC_WEAK = YES;
				CLANG_WARN_BLOCK_CAPTURE_AUTORELEASING = YES;
				CLANG_WARN_BOOL_CONVERSION = YES;
				CLANG_WARN_COMMA = YES;
				CLANG_WARN_CONSTANT_CONVERSION = YES;
				CLANG_WARN_DEPRECATED_OBJC_IMPLEMENTATIONS = YES;
				CLANG_WARN_DIRECT_OBJC_ISA_USAGE = YES_ERROR;
				CLANG_WARN_DOCUMENTATION_COMMENTS = YES;
				CLANG_WARN_EMPTY_BODY = YES;
				CLANG_WARN_ENUM_CONVERSION = YES;
				CLANG_WARN_INFINITE_RECURSION = YES;
				CLANG_WARN_INT_CONVERSION = YES;
				CLANG_WARN_NON_LITERAL_NULL_CONVERSION = YES;
				CLANG_WARN_OBJC_IMPLICIT_RETAIN_SELF = YES;
				CLANG_WARN_OBJC_LITERAL_CONVERSION = YES;
				CLANG_WARN_OBJC_ROOT_CLASS = YES_ERROR;
				CLANG_WARN_RANGE_LOOP_ANALYSIS = YES;
				CLANG_WARN_STRICT_PROTOTYPES = YES;
				CLANG_WARN_SUSPICIOUS_MOVE = YES;
				CLANG_WARN_UNGUARDED_AVAILABILITY = YES_AGGRESSIVE;
				CLANG_WARN_UNREACHABLE_CODE = YES;
				CLANG_WARN__DUPLICATE_METHOD_MATCH = YES;
				CODE_SIGN_IDENTITY = "iPhone Developer";
				COPY_PHASE_STRIP = NO;
				DEBUG_INFORMATION_FORMAT = "dwarf-with-dsym";
				ENABLE_NS_ASSERTIONS = NO;
				ENABLE_STRICT_OBJC_MSGSEND = YES;
				GCC_C_LANGUAGE_STANDARD = gnu11;
				GCC_NO_COMMON_BLOCKS = YES;
				GCC_WARN_64_TO_32_BIT_CONVERSION = YES;
				GCC_WARN_ABOUT_RETURN_TYPE = YES_ERROR;
				GCC_WARN_UNDECLARED_SELECTOR = YES;
				GCC_WARN_UNINITIALIZED_AUTOS = YES_AGGRESSIVE;
				GCC_WARN_UNUSED_FUNCTION = YES;
				GCC_WARN_UNUSED_VARIABLE = YES;
				IPHONEOS_DEPLOYMENT_TARGET = 12.2;
				MTL_ENABLE_DEBUG_INFO = NO;
				MTL_FAST_MATH = YES;
				SDKROOT = iphoneos;
				SWIFT_COMPILATION_MODE = wholemodule;
				SWIFT_OPTIMIZATION_LEVEL = "-O";
				VALIDATE_PRODUCT = YES;
			};
			name = Release;
		};
		2964BA2322D0A73A00C1B282 /* Debug */ = {
			isa = XCBuildConfiguration;
			buildSettings = {
				ASSETCATALOG_COMPILER_APPICON_NAME = AppIcon;
				CODE_SIGN_STYLE = Automatic;
				DEVELOPMENT_TEAM = NCU4JG2P77;
				FRAMEWORK_SEARCH_PATHS = (
					"$(inherited)",
					"$(PROJECT_DIR)/Carthage/Build/iOS",
				);
				INFOPLIST_FILE = "$(SRCROOT)/RXSwift_MVVM/Supporting Files/Info.plist";
				LD_RUNPATH_SEARCH_PATHS = (
					"$(inherited)",
					"@executable_path/Frameworks",
				);
				PRODUCT_BUNDLE_IDENTIFIER = com.sample.rxswift.mvvm;
				PRODUCT_NAME = "$(TARGET_NAME)";
				SWIFT_VERSION = 5.0;
				TARGETED_DEVICE_FAMILY = "1,2";
			};
			name = Debug;
		};
		2964BA2422D0A73A00C1B282 /* Release */ = {
			isa = XCBuildConfiguration;
			buildSettings = {
				ASSETCATALOG_COMPILER_APPICON_NAME = AppIcon;
				CODE_SIGN_STYLE = Automatic;
				DEVELOPMENT_TEAM = NCU4JG2P77;
				FRAMEWORK_SEARCH_PATHS = (
					"$(inherited)",
					"$(PROJECT_DIR)/Carthage/Build/iOS",
				);
				INFOPLIST_FILE = "$(SRCROOT)/RXSwift_MVVM/Supporting Files/Info.plist";
				LD_RUNPATH_SEARCH_PATHS = (
					"$(inherited)",
					"@executable_path/Frameworks",
				);
				PRODUCT_BUNDLE_IDENTIFIER = com.sample.rxswift.mvvm;
				PRODUCT_NAME = "$(TARGET_NAME)";
				SWIFT_VERSION = 5.0;
				TARGETED_DEVICE_FAMILY = "1,2";
			};
			name = Release;
		};
/* End XCBuildConfiguration section */

/* Begin XCConfigurationList section */
		2964BA0822D0A73900C1B282 /* Build configuration list for PBXProject "RXSwift_MVVM" */ = {
			isa = XCConfigurationList;
			buildConfigurations = (
				2964BA2022D0A73A00C1B282 /* Debug */,
				2964BA2122D0A73A00C1B282 /* Release */,
			);
			defaultConfigurationIsVisible = 0;
			defaultConfigurationName = Release;
		};
		2964BA2222D0A73A00C1B282 /* Build configuration list for PBXNativeTarget "RXSwift_MVVM" */ = {
			isa = XCConfigurationList;
			buildConfigurations = (
				2964BA2322D0A73A00C1B282 /* Debug */,
				2964BA2422D0A73A00C1B282 /* Release */,
			);
			defaultConfigurationIsVisible = 0;
			defaultConfigurationName = Release;
		};
/* End XCConfigurationList section */

/* Begin XCVersionGroup section */
		2964BA1722D0A73900C1B282 /* RXSwift_MVVM.xcdatamodeld */ = {
			isa = XCVersionGroup;
			children = (
				2964BA1822D0A73900C1B282 /* RXSwift_MVVM.xcdatamodel */,
			);
			currentVersion = 2964BA1822D0A73900C1B282 /* RXSwift_MVVM.xcdatamodel */;
			path = RXSwift_MVVM.xcdatamodeld;
			sourceTree = "<group>";
			versionGroupType = wrapper.xcdatamodel;
		};
/* End XCVersionGroup section */
	};
	rootObject = 2964BA0522D0A73900C1B282 /* Project object */;
}
